
Microsoft Visual Studio Solution File, Format Version 12.00
# Visual Studio Version 18
VisualStudioVersion = 18.4.11612.150
MinimumVisualStudioVersion = 10.0.40219.1
Project("{2150E333-8FDC-42A3-9474-1A3956D46DE8}") = "Solution Items", "Solution Items", "{2D2D5045-46A9-490F-A79D-78B261C35231}"
	ProjectSection(SolutionItems) = preProject
		.editorconfig = .editorconfig
		build\nuget\AlphaVSS.Native.NetCore.nuspec = build\nuget\AlphaVSS.Native.NetCore.nuspec
		build\nuget\AlphaVSS.Native.NetFx.nuspec = build\nuget\AlphaVSS.Native.NetFx.nuspec
		build\nuget\AlphaVSS.Native.NetFx.targets = build\nuget\AlphaVSS.Native.NetFx.targets
		build\nuget\AlphaVSS.nuspec = build\nuget\AlphaVSS.nuspec
		src\AlphaVSS.props = src\AlphaVSS.props
		azure-pipelines.yml = azure-pipelines.yml
		CHANGELOG.md = CHANGELOG.md
		.github\workflows\continuous.yml = .github\workflows\continuous.yml
		docs\docfx.json = docs\docfx.json
		GitVersion.yml = GitVersion.yml
		global.json = global.json
	EndProjectSection
EndProject
Project("{9A19103F-16F7-4668-BE54-9A1E7A4F7556}") = "AlphaVSS.Common", "src\AlphaVSS.Common\AlphaVSS.Common.csproj", "{2276E222-6841-4DA9-B5C9-549E9ADB33BE}"
EndProject
Project("{8BC9CEB8-8B4A-11D0-8D11-00A0C91BC942}") = "AlphaVSS.Platform", "src\AlphaVSS.Platform\AlphaVSS.Platform.vcxproj", "{3A977469-6361-469C-B180-5180CD9A15B4}"
	ProjectSection(ProjectDependencies) = postProject
		{2276E222-6841-4DA9-B5C9-549E9ADB33BE} = {2276E222-6841-4DA9-B5C9-549E9ADB33BE}
	EndProjectSection
EndProject
Project("{FAE04EC0-301F-11D3-BF4B-00C04F79EFBC}") = "_build", "build\_build.csproj", "{4056BD12-5FA8-4D2E-274A-7E85E858A5FC}"
EndProject
Global
	GlobalSection(SolutionConfigurationPlatforms) = preSolution
		NET8|x64 = NET8|x64
		NET8|x86 = NET8|x86
		net8d|x64 = net8d|x64
		net8d|x86 = net8d|x86
	EndGlobalSection
	GlobalSection(ProjectConfigurationPlatforms) = postSolution
		{2276E222-6841-4DA9-B5C9-549E9ADB33BE}.NET8|x64.ActiveCfg = Release|Any CPU
		{2276E222-6841-4DA9-B5C9-549E9ADB33BE}.NET8|x64.Build.0 = Release|Any CPU
		{2276E222-6841-4DA9-B5C9-549E9ADB33BE}.NET8|x86.ActiveCfg = Release|Any CPU
		{2276E222-6841-4DA9-B5C9-549E9ADB33BE}.NET8|x86.Build.0 = Release|Any CPU
		{2276E222-6841-4DA9-B5C9-549E9ADB33BE}.net8d|x64.ActiveCfg = Debug|Any CPU
		{2276E222-6841-4DA9-B5C9-549E9ADB33BE}.net8d|x64.Build.0 = Debug|Any CPU
		{2276E222-6841-4DA9-B5C9-549E9ADB33BE}.net8d|x86.ActiveCfg = Debug|Any CPU
		{2276E222-6841-4DA9-B5C9-549E9ADB33BE}.net8d|x86.Build.0 = Debug|Any CPU
		{3A977469-6361-469C-B180-5180CD9A15B4}.NET8|x64.ActiveCfg = net8|x64
		{3A977469-6361-469C-B180-5180CD9A15B4}.NET8|x64.Build.0 = net8|x64
		{3A977469-6361-469C-B180-5180CD9A15B4}.NET8|x86.ActiveCfg = net8|Win32
		{3A977469-6361-469C-B180-5180CD9A15B4}.NET8|x86.Build.0 = net8|Win32
		{3A977469-6361-469C-B180-5180CD9A15B4}.net8d|x64.ActiveCfg = net8d|x64
		{3A977469-6361-469C-B180-5180CD9A15B4}.net8d|x64.Build.0 = net8d|x64
		{3A977469-6361-469C-B180-5180CD9A15B4}.net8d|x86.ActiveCfg = net8d|Win32
		{3A977469-6361-469C-B180-5180CD9A15B4}.net8d|x86.Build.0 = net8d|Win32
		{4056BD12-5FA8-4D2E-274A-7E85E858A5FC}.NET8|x64.ActiveCfg = net8d|Any CPU
		{4056BD12-5FA8-4D2E-274A-7E85E858A5FC}.NET8|x86.ActiveCfg = net8d|Any CPU
		{4056BD12-5FA8-4D2E-274A-7E85E858A5FC}.net8d|x64.ActiveCfg = net8d|Any CPU
		{4056BD12-5FA8-4D2E-274A-7E85E858A5FC}.net8d|x86.ActiveCfg = net8d|Any CPU
	EndGlobalSection
	GlobalSection(SolutionProperties) = preSolution
		HideSolutionNode = FALSE
	EndGlobalSection
	GlobalSection(ExtensibilityGlobals) = postSolution
		SolutionGuid = {ECF0CB01-39FE-41E9-A5AE-BD7D5C76530A}
		VisualSVNWorkingCopyRoot = ..\..
	EndGlobalSection
EndGlobal
